
Microsoft Visual Studio Solution File, Format Version 12.00
# Visual Studio Version 17
VisualStudioVersion = 17.0.31903.59
MinimumVisualStudioVersion = 10.0.40219.1
Project("{2150E333-8FDC-42A3-9474-1A3956D46DE8}") = "src", "src", "{E96664FF-B10A-4CB7-A2B6-B84A4B883ADD}"
EndProject
Project("{FAE04EC0-301F-11D3-BF4B-00C04F79EFBC}") = "SampleProject", "src\SampleProject\SampleProject.csproj", "{F8BA0DEF-37C8-4FAD-815E-71A3CD7E4C18}"
EndProject
Project("{FAE04EC0-301F-11D3-BF4B-00C04F79EFBC}") = "DeltaDebugging.App", "src\DeltaDebugging.App\DeltaDebugging.App.csproj", "{B2B64A9B-EAA1-4D96-B8F3-28C29263180A}"
EndProject
Global
	GlobalSection(SolutionConfigurationPlatforms) = preSolution
		Debug|Any CPU = Debug|Any CPU
		Release|Any CPU = Release|Any CPU
	EndGlobalSection
	GlobalSection(ProjectConfigurationPlatforms) = postSolution
		{F8BA0DEF-37C8-4FAD-815E-71A3CD7E4C18}.Debug|Any CPU.ActiveCfg = Debug|Any CPU
		{F8BA0DEF-37C8-4FAD-815E-71A3CD7E4C18}.Debug|Any CPU.Build.0 = Debug|Any CPU
		{F8BA0DEF-37C8-4FAD-815E-71A3CD7E4C18}.Release|Any CPU.ActiveCfg = Release|Any CPU
		{F8BA0DEF-37C8-4FAD-815E-71A3CD7E4C18}.Release|Any CPU.Build.0 = Release|Any CPU
		{B2B64A9B-EAA1-4D96-B8F3-28C29263180A}.Debug|Any CPU.ActiveCfg = Debug|Any CPU
		{B2B64A9B-EAA1-4D96-B8F3-28C29263180A}.Debug|Any CPU.Build.0 = Debug|Any CPU
		{B2B64A9B-EAA1-4D96-B8F3-28C29263180A}.Release|Any CPU.ActiveCfg = Release|Any CPU
		{B2B64A9B-EAA1-4D96-B8F3-28C29263180A}.Release|Any CPU.Build.0 = Release|Any CPU
	EndGlobalSection
	GlobalSection(SolutionProperties) = preSolution
		HideSolutionNode = FALSE
	EndGlobalSection
	GlobalSection(NestedProjects) = preSolution
		{F8BA0DEF-37C8-4FAD-815E-71A3CD7E4C18} = {E96664FF-B10A-4CB7-A2B6-B84A4B883ADD}
		{B2B64A9B-EAA1-4D96-B8F3-28C29263180A} = {E96664FF-B10A-4CB7-A2B6-B84A4B883ADD}
	EndGlobalSection
EndGlobal
